// !$*UTF8*$!
{
	archiveVersion = 1;
	classes = {
	};
	objectVersion = 77;
	objects = {

/* Begin PBXContainerItemProxy section */
		5A7F05102CDE7F1500F5467C /* PBXContainerItemProxy */ = {
			isa = PBXContainerItemProxy;
			containerPortal = 5A7F04F72CDE7F1300F5467C /* Project object */;
			proxyType = 1;
			remoteGlobalIDString = 5A7F04FE2CDE7F1300F5467C;
			remoteInfo = Momento;
		};
		5A7F051A2CDE7F1500F5467C /* PBXContainerItemProxy */ = {
			isa = PBXContainerItemProxy;
			containerPortal = 5A7F04F72CDE7F1300F5467C /* Project object */;
			proxyType = 1;
			remoteGlobalIDString = 5A7F04FE2CDE7F1300F5467C;
			remoteInfo = Momento;
		};
/* End PBXContainerItemProxy section */

/* Begin PBXFileReference section */
		5A7F04FF2CDE7F1300F5467C /* Momento.app */ = {isa = PBXFileReference; explicitFileType = wrapper.application; includeInIndex = 0; path = Momento.app; sourceTree = BUILT_PRODUCTS_DIR; };
		5A7F050F2CDE7F1500F5467C /* MomentoTests.xctest */ = {isa = PBXFileReference; explicitFileType = wrapper.cfbundle; includeInIndex = 0; path = MomentoTests.xctest; sourceTree = BUILT_PRODUCTS_DIR; };
		5A7F05192CDE7F1500F5467C /* MomentoUITests.xctest */ = {isa = PBXFileReference; explicitFileType = wrapper.cfbundle; includeInIndex = 0; path = MomentoUITests.xctest; sourceTree = BUILT_PRODUCTS_DIR; };
/* End PBXFileReference section */

/* Begin PBXFileSystemSynchronizedRootGroup section */
		5A7F05012CDE7F1300F5467C /* Momento */ = {
			isa = PBXFileSystemSynchronizedRootGroup;
			path = Momento;
			sourceTree = "<group>";
		};
		5A7F05122CDE7F1500F5467C /* MomentoTests */ = {
			isa = PBXFileSystemSynchronizedRootGroup;
			path = MomentoTests;
			sourceTree = "<group>";
		};
		5A7F051C2CDE7F1500F5467C /* MomentoUITests */ = {
			isa = PBXFileSystemSynchronizedRootGroup;
			path = MomentoUITests;
			sourceTree = "<group>";
		};
/* End PBXFileSystemSynchronizedRootGroup section */

/* Begin PBXFrameworksBuildPhase section */
		5A7F04FC2CDE7F1300F5467C /* Frameworks */ = {
			isa = PBXFrameworksBuildPhase;
			buildActionMask = 2147483647;
			files = (
			);
			runOnlyForDeploymentPostprocessing = 0;
		};
		5A7F050C2CDE7F1500F5467C /* Frameworks */ = {
			isa = PBXFrameworksBuildPhase;
			buildActionMask = 2147483647;
			files = (
			);
			runOnlyForDeploymentPostprocessing = 0;
		};
		5A7F05162CDE7F1500F5467C /* Frameworks */ = {
			isa = PBXFrameworksBuildPhase;
			buildActionMask = 2147483647;
			files = (
			);
			runOnlyForDeploymentPostprocessing = 0;
		};
/* End PBXFrameworksBuildPhase section */

/* Begin PBXGroup section */
		5A7F04F62CDE7F1300F5467C = {
			isa = PBXGroup;
			children = (
				5A7F05012CDE7F1300F5467C /* Momento */,
				5A7F05122CDE7F1500F5467C /* MomentoTests */,
				5A7F051C2CDE7F1500F5467C /* MomentoUITests */,
				5A7F05002CDE7F1300F5467C /* Products */,
			);
			sourceTree = "<group>";
		};
		5A7F05002CDE7F1300F5467C /* Products */ = {
			isa = PBXGroup;
			children = (
				5A7F04FF2CDE7F1300F5467C /* Momento.app */,
				5A7F050F2CDE7F1500F5467C /* MomentoTests.xctest */,
				5A7F05192CDE7F1500F5467C /* MomentoUITests.xctest */,
			);
			name = Products;
			sourceTree = "<group>";
		};
/* End PBXGroup section */

/* Begin PBXNativeTarget section */
		5A7F04FE2CDE7F1300F5467C /* Momento */ = {
			isa = PBXNativeTarget;
			buildConfigurationList = 5A7F05232CDE7F1500F5467C /* Build configuration list for PBXNativeTarget "Momento" */;
			buildPhases = (
				5A7F04FB2CDE7F1300F5467C /* Sources */,
				5A7F04FC2CDE7F1300F5467C /* Frameworks */,
				5A7F04FD2CDE7F1300F5467C /* Resources */,
			);
			buildRules = (
			);
			dependencies = (
			);
			fileSystemSynchronizedGroups = (
				5A7F05012CDE7F1300F5467C /* Momento */,
			);
			name = Momento;
			packageProductDependencies = (
			);
			productName = Momento;
			productReference = 5A7F04FF2CDE7F1300F5467C /* Momento.app */;
			productType = "com.apple.product-type.application";
		};
		5A7F050E2CDE7F1500F5467C /* MomentoTests */ = {
			isa = PBXNativeTarget;
			buildConfigurationList = 5A7F05262CDE7F1500F5467C /* Build configuration list for PBXNativeTarget "MomentoTests" */;
			buildPhases = (
				5A7F050B2CDE7F1500F5467C /* Sources */,
				5A7F050C2CDE7F1500F5467C /* Frameworks */,
				5A7F050D2CDE7F1500F5467C /* Resources */,
			);
			buildRules = (
			);
			dependencies = (
				5A7F05112CDE7F1500F5467C /* PBXTargetDependency */,
			);
			fileSystemSynchronizedGroups = (
				5A7F05122CDE7F1500F5467C /* MomentoTests */,
			);
			name = MomentoTests;
			packageProductDependencies = (
			);
			productName = MomentoTests;
			productReference = 5A7F050F2CDE7F1500F5467C /* MomentoTests.xctest */;
			productType = "com.apple.product-type.bundle.unit-test";
		};
		5A7F05182CDE7F1500F5467C /* MomentoUITests */ = {
			isa = PBXNativeTarget;
			buildConfigurationList = 5A7F05292CDE7F1500F5467C /* Build configuration list for PBXNativeTarget "MomentoUITests" */;
			buildPhases = (
				5A7F05152CDE7F1500F5467C /* Sources */,
				5A7F05162CDE7F1500F5467C /* Frameworks */,
				5A7F05172CDE7F1500F5467C /* Resources */,
			);
			buildRules = (
			);
			dependencies = (
				5A7F051B2CDE7F1500F5467C /* PBXTargetDependency */,
			);
			fileSystemSynchronizedGroups = (
				5A7F051C2CDE7F1500F5467C /* MomentoUITests */,
			);
			name = MomentoUITests;
			packageProductDependencies = (
			);
			productName = MomentoUITests;
			productReference = 5A7F05192CDE7F1500F5467C /* MomentoUITests.xctest */;
			productType = "com.apple.product-type.bundle.ui-testing";
		};
/* End PBXNativeTarget section */

/* Begin PBXProject section */
		5A7F04F72CDE7F1300F5467C /* Project object */ = {
			isa = PBXProject;
			attributes = {
				BuildIndependentTargetsInParallel = 1;
				LastSwiftUpdateCheck = 1600;
				LastUpgradeCheck = 1600;
				TargetAttributes = {
					5A7F04FE2CDE7F1300F5467C = {
						CreatedOnToolsVersion = 16.0;
					};
					5A7F050E2CDE7F1500F5467C = {
						CreatedOnToolsVersion = 16.0;
						TestTargetID = 5A7F04FE2CDE7F1300F5467C;
					};
					5A7F05182CDE7F1500F5467C = {
						CreatedOnToolsVersion = 16.0;
						TestTargetID = 5A7F04FE2CDE7F1300F5467C;
					};
				};
			};
			buildConfigurationList = 5A7F04FA2CDE7F1300F5467C /* Build configuration list for PBXProject "Momento" */;
			developmentRegion = en;
			hasScannedForEncodings = 0;
			knownRegions = (
				en,
				Base,
			);
			mainGroup = 5A7F04F62CDE7F1300F5467C;
			minimizedProjectReferenceProxies = 1;
			preferredProjectObjectVersion = 77;
			productRefGroup = 5A7F05002CDE7F1300F5467C /* Products */;
			projectDirPath = "";
			projectRoot = "";
			targets = (
				5A7F04FE2CDE7F1300F5467C /* Momento */,
				5A7F050E2CDE7F1500F5467C /* MomentoTests */,
				5A7F05182CDE7F1500F5467C /* MomentoUITests */,
			);
		};
/* End PBXProject section */

/* Begin PBXResourcesBuildPhase section */
		5A7F04FD2CDE7F1300F5467C /* Resources */ = {
			isa = PBXResourcesBuildPhase;
			buildActionMask = 2147483647;
			files = (
			);
			runOnlyForDeploymentPostprocessing = 0;
		};
		5A7F050D2CDE7F1500F5467C /* Resources */ = {
			isa = PBXResourcesBuildPhase;
			buildActionMask = 2147483647;
			files = (
			);
			runOnlyForDeploymentPostprocessing = 0;
		};
		5A7F05172CDE7F1500F5467C /* Resources */ = {
			isa = PBXResourcesBuildPhase;
			buildActionMask = 2147483647;
			files = (
			);
			runOnlyForDeploymentPostprocessing = 0;
		};
/* End PBXResourcesBuildPhase section */

/* Begin PBXSourcesBuildPhase section */
		5A7F04FB2CDE7F1300F5467C /* Sources */ = {
			isa = PBXSourcesBuildPhase;
			buildActionMask = 2147483647;
			files = (
			);
			runOnlyForDeploymentPostprocessing = 0;
		};
		5A7F050B2CDE7F1500F5467C /* Sources */ = {
			isa = PBXSourcesBuildPhase;
			buildActionMask = 2147483647;
			files = (
			);
			runOnlyForDeploymentPostprocessing = 0;
		};
		5A7F05152CDE7F1500F5467C /* Sources */ = {
			isa = PBXSourcesBuildPhase;
			buildActionMask = 2147483647;
			files = (
			);
			runOnlyForDeploymentPostprocessing = 0;
		};
/* End PBXSourcesBuildPhase section */

/* Begin PBXTargetDependency section */
		5A7F05112CDE7F1500F5467C /* PBXTargetDependency */ = {
			isa = PBXTargetDependency;
			target = 5A7F04FE2CDE7F1300F5467C /* Momento */;
			targetProxy = 5A7F05102CDE7F1500F5467C /* PBXContainerItemProxy */;
		};
		5A7F051B2CDE7F1500F5467C /* PBXTargetDependency */ = {
			isa = PBXTargetDependency;
			target = 5A7F04FE2CDE7F1300F5467C /* Momento */;
			targetProxy = 5A7F051A2CDE7F1500F5467C /* PBXContainerItemProxy */;
		};
/* End PBXTargetDependency section */

/* Begin XCBuildConfiguration section */
		5A7F05212CDE7F1500F5467C /* Debug */ = {
			isa = XCBuildConfiguration;
			buildSettings = {
				ALWAYS_SEARCH_USER_PATHS = NO;
				ASSETCATALOG_COMPILER_GENERATE_SWIFT_ASSET_SYMBOL_EXTENSIONS = YES;
				CLANG_ANALYZER_NONNULL = YES;
				CLANG_ANALYZER_NUMBER_OBJECT_CONVERSION = YES_AGGRESSIVE;
				CLANG_CXX_LANGUAGE_STANDARD = "gnu++20";
				CLANG_ENABLE_MODULES = YES;
				CLANG_ENABLE_OBJC_ARC = YES;
				CLANG_ENABLE_OBJC_WEAK = YES;
				CLANG_WARN_BLOCK_CAPTURE_AUTORELEASING = YES;
				CLANG_WARN_BOOL_CONVERSION = YES;
				CLANG_WARN_COMMA = YES;
				CLANG_WARN_CONSTANT_CONVERSION = YES;
				CLANG_WARN_DEPRECATED_OBJC_IMPLEMENTATIONS = YES;
				CLANG_WARN_DIRECT_OBJC_ISA_USAGE = YES_ERROR;
				CLANG_WARN_DOCUMENTATION_COMMENTS = YES;
				CLANG_WARN_EMPTY_BODY = YES;
				CLANG_WARN_ENUM_CONVERSION = YES;
				CLANG_WARN_INFINITE_RECURSION = YES;
				CLANG_WARN_INT_CONVERSION = YES;
				CLANG_WARN_NON_LITERAL_NULL_CONVERSION = YES;
				CLANG_WARN_OBJC_IMPLICIT_RETAIN_SELF = YES;
				CLANG_WARN_OBJC_LITERAL_CONVERSION = YES;
				CLANG_WARN_OBJC_ROOT_CLASS = YES_ERROR;
				CLANG_WARN_QUOTED_INCLUDE_IN_FRAMEWORK_HEADER = YES;
				CLANG_WARN_RANGE_LOOP_ANALYSIS = YES;
				CLANG_WARN_STRICT_PROTOTYPES = YES;
				CLANG_WARN_SUSPICIOUS_MOVE = YES;
				CLANG_WARN_UNGUARDED_AVAILABILITY = YES_AGGRESSIVE;
				CLANG_WARN_UNREACHABLE_CODE = YES;
				CLANG_WARN__DUPLICATE_METHOD_MATCH = YES;
				COPY_PHASE_STRIP = NO;
				DEBUG_INFORMATION_FORMAT = dwarf;
				ENABLE_STRICT_OBJC_MSGSEND = YES;
				ENABLE_TESTABILITY = YES;
				ENABLE_USER_SCRIPT_SANDBOXING = YES;
				GCC_C_LANGUAGE_STANDARD = gnu17;
				GCC_DYNAMIC_NO_PIC = NO;
				GCC_NO_COMMON_BLOCKS = YES;
				GCC_OPTIMIZATION_LEVEL = 0;
				GCC_PREPROCESSOR_DEFINITIONS = (
					"DEBUG=1",
					"$(inherited)",
				);
				GCC_WARN_64_TO_32_BIT_CONVERSION = YES;
				GCC_WARN_ABOUT_RETURN_TYPE = YES_ERROR;
				GCC_WARN_UNDECLARED_SELECTOR = YES;
				GCC_WARN_UNINITIALIZED_AUTOS = YES_AGGRESSIVE;
				GCC_WARN_UNUSED_FUNCTION = YES;
				GCC_WARN_UNUSED_VARIABLE = YES;
				IPHONEOS_DEPLOYMENT_TARGET = 18.0;
				LOCALIZATION_PREFERS_STRING_CATALOGS = YES;
				MTL_ENABLE_DEBUG_INFO = INCLUDE_SOURCE;
				MTL_FAST_MATH = YES;
				ONLY_ACTIVE_ARCH = YES;
				SDKROOT = iphoneos;
				SWIFT_ACTIVE_COMPILATION_CONDITIONS = "DEBUG $(inherited)";
				SWIFT_OPTIMIZATION_LEVEL = "-Onone";
			};
			name = Debug;
		};
		5A7F05222CDE7F1500F5467C /* Release */ = {
			isa = XCBuildConfiguration;
			buildSettings = {
				ALWAYS_SEARCH_USER_PATHS = NO;
				ASSETCATALOG_COMPILER_GENERATE_SWIFT_ASSET_SYMBOL_EXTENSIONS = YES;
				CLANG_ANALYZER_NONNULL = YES;
				CLANG_ANALYZER_NUMBER_OBJECT_CONVERSION = YES_AGGRESSIVE;
				CLANG_CXX_LANGUAGE_STANDARD = "gnu++20";
				CLANG_ENABLE_MODULES = YES;
				CLANG_ENABLE_OBJC_ARC = YES;
				CLANG_ENABLE_OBJC_WEAK = YES;
				CLANG_WARN_BLOCK_CAPTURE_AUTORELEASING = YES;
				CLANG_WARN_BOOL_CONVERSION = YES;
				CLANG_WARN_COMMA = YES;
				CLANG_WARN_CONSTANT_CONVERSION = YES;
				CLANG_WARN_DEPRECATED_OBJC_IMPLEMENTATIONS = YES;
				CLANG_WARN_DIRECT_OBJC_ISA_USAGE = YES_ERROR;
				CLANG_WARN_DOCUMENTATION_COMMENTS = YES;
				CLANG_WARN_EMPTY_BODY = YES;
				CLANG_WARN_ENUM_CONVERSION = YES;
				CLANG_WARN_INFINITE_RECURSION = YES;
				CLANG_WARN_INT_CONVERSION = YES;
				CLANG_WARN_NON_LITERAL_NULL_CONVERSION = YES;
				CLANG_WARN_OBJC_IMPLICIT_RETAIN_SELF = YES;
				CLANG_WARN_OBJC_LITERAL_CONVERSION = YES;
				CLANG_WARN_OBJC_ROOT_CLASS = YES_ERROR;
				CLANG_WARN_QUOTED_INCLUDE_IN_FRAMEWORK_HEADER = YES;
				CLANG_WARN_RANGE_LOOP_ANALYSIS = YES;
				CLANG_WARN_STRICT_PROTOTYPES = YES;
				CLANG_WARN_SUSPICIOUS_MOVE = YES;
				CLANG_WARN_UNGUARDED_AVAILABILITY = YES_AGGRESSIVE;
				CLANG_WARN_UNREACHABLE_CODE = YES;
				CLANG_WARN__DUPLICATE_METHOD_MATCH = YES;
				COPY_PHASE_STRIP = NO;
				DEBUG_INFORMATION_FORMAT = "dwarf-with-dsym";
				ENABLE_NS_ASSERTIONS = NO;
				ENABLE_STRICT_OBJC_MSGSEND = YES;
				ENABLE_USER_SCRIPT_SANDBOXING = YES;
				GCC_C_LANGUAGE_STANDARD = gnu17;
				GCC_NO_COMMON_BLOCKS = YES;
				GCC_WARN_64_TO_32_BIT_CONVERSION = YES;
				GCC_WARN_ABOUT_RETURN_TYPE = YES_ERROR;
				GCC_WARN_UNDECLARED_SELECTOR = YES;
				GCC_WARN_UNINITIALIZED_AUTOS = YES_AGGRESSIVE;
				GCC_WARN_UNUSED_FUNCTION = YES;
				GCC_WARN_UNUSED_VARIABLE = YES;
				IPHONEOS_DEPLOYMENT_TARGET = 18.0;
				LOCALIZATION_PREFERS_STRING_CATALOGS = YES;
				MTL_ENABLE_DEBUG_INFO = NO;
				MTL_FAST_MATH = YES;
				SDKROOT = iphoneos;
				SWIFT_COMPILATION_MODE = wholemodule;
				VALIDATE_PRODUCT = YES;
			};
			name = Release;
		};
		5A7F05242CDE7F1500F5467C /* Debug */ = {
			isa = XCBuildConfiguration;
			buildSettings = {
				ASSETCATALOG_COMPILER_APPICON_NAME = AppIcon;
				ASSETCATALOG_COMPILER_GLOBAL_ACCENT_COLOR_NAME = AccentColor;
				CODE_SIGN_STYLE = Automatic;
				CURRENT_PROJECT_VERSION = 1;
				DEVELOPMENT_ASSET_PATHS = "\"Momento/Preview Content\"";
				ENABLE_PREVIEWS = YES;
				GENERATE_INFOPLIST_FILE = YES;
				INFOPLIST_KEY_UIApplicationSceneManifest_Generation = YES;
				INFOPLIST_KEY_UIApplicationSupportsIndirectInputEvents = YES;
				INFOPLIST_KEY_UILaunchScreen_Generation = YES;
				INFOPLIST_KEY_UISupportedInterfaceOrientations_iPad = "UIInterfaceOrientationPortrait UIInterfaceOrientationPortraitUpsideDown UIInterfaceOrientationLandscapeLeft UIInterfaceOrientationLandscapeRight";
				INFOPLIST_KEY_UISupportedInterfaceOrientations_iPhone = "UIInterfaceOrientationPortrait UIInterfaceOrientationLandscapeLeft UIInterfaceOrientationLandscapeRight";
				LD_RUNPATH_SEARCH_PATHS = (
					"$(inherited)",
					"@executable_path/Frameworks",
				);
				MARKETING_VERSION = 1.0;
				PRODUCT_BUNDLE_IDENTIFIER = com.nivedha.Momento;
				PRODUCT_NAME = "$(TARGET_NAME)";
				SWIFT_EMIT_LOC_STRINGS = YES;
				SWIFT_VERSION = 5.0;
				TARGETED_DEVICE_FAMILY = "1,2";
			};
			name = Debug;
		};
		5A7F05252CDE7F1500F5467C /* Release */ = {
			isa = XCBuildConfiguration;
			buildSettings = {
				ASSETCATALOG_COMPILER_APPICON_NAME = AppIcon;
				ASSETCATALOG_COMPILER_GLOBAL_ACCENT_COLOR_NAME = AccentColor;
				CODE_SIGN_STYLE = Automatic;
				CURRENT_PROJECT_VERSION = 1;
				DEVELOPMENT_ASSET_PATHS = "\"Momento/Preview Content\"";
				ENABLE_PREVIEWS = YES;
				GENERATE_INFOPLIST_FILE = YES;
				INFOPLIST_KEY_UIApplicationSceneManifest_Generation = YES;
				INFOPLIST_KEY_UIApplicationSupportsIndirectInputEvents = YES;
				INFOPLIST_KEY_UILaunchScreen_Generation = YES;
				INFOPLIST_KEY_UISupportedInterfaceOrientations_iPad = "UIInterfaceOrientationPortrait UIInterfaceOrientationPortraitUpsideDown UIInterfaceOrientationLandscapeLeft UIInterfaceOrientationLandscapeRight";
				INFOPLIST_KEY_UISupportedInterfaceOrientations_iPhone = "UIInterfaceOrientationPortrait UIInterfaceOrientationLandscapeLeft UIInterfaceOrientationLandscapeRight";
				LD_RUNPATH_SEARCH_PATHS = (
					"$(inherited)",
					"@executable_path/Frameworks",
				);
				MARKETING_VERSION = 1.0;
				PRODUCT_BUNDLE_IDENTIFIER = com.nivedha.Momento;
				PRODUCT_NAME = "$(TARGET_NAME)";
				SWIFT_EMIT_LOC_STRINGS = YES;
				SWIFT_VERSION = 5.0;
				TARGETED_DEVICE_FAMILY = "1,2";
			};
			name = Release;
		};
		5A7F05272CDE7F1500F5467C /* Debug */ = {
			isa = XCBuildConfiguration;
			buildSettings = {
				BUNDLE_LOADER = "$(TEST_HOST)";
				CODE_SIGN_STYLE = Automatic;
				CURRENT_PROJECT_VERSION = 1;
				GENERATE_INFOPLIST_FILE = YES;
				IPHONEOS_DEPLOYMENT_TARGET = 18.0;
				MARKETING_VERSION = 1.0;
				PRODUCT_BUNDLE_IDENTIFIER = com.nivedha.MomentoTests;
				PRODUCT_NAME = "$(TARGET_NAME)";
				SWIFT_EMIT_LOC_STRINGS = NO;
				SWIFT_VERSION = 5.0;
				TARGETED_DEVICE_FAMILY = "1,2";
				TEST_HOST = "$(BUILT_PRODUCTS_DIR)/Momento.app/$(BUNDLE_EXECUTABLE_FOLDER_PATH)/Momento";
			};
			name = Debug;
		};
		5A7F05282CDE7F1500F5467C /* Release */ = {
			isa = XCBuildConfiguration;
			buildSettings = {
				BUNDLE_LOADER = "$(TEST_HOST)";
				CODE_SIGN_STYLE = Automatic;
				CURRENT_PROJECT_VERSION = 1;
				GENERATE_INFOPLIST_FILE = YES;
				IPHONEOS_DEPLOYMENT_TARGET = 18.0;
				MARKETING_VERSION = 1.0;
				PRODUCT_BUNDLE_IDENTIFIER = com.nivedha.MomentoTests;
				PRODUCT_NAME = "$(TARGET_NAME)";
				SWIFT_EMIT_LOC_STRINGS = NO;
				SWIFT_VERSION = 5.0;
				TARGETED_DEVICE_FAMILY = "1,2";
				TEST_HOST = "$(BUILT_PRODUCTS_DIR)/Momento.app/$(BUNDLE_EXECUTABLE_FOLDER_PATH)/Momento";
			};
			name = Release;
		};
		5A7F052A2CDE7F1500F5467C /* Debug */ = {
			isa = XCBuildConfiguration;
			buildSettings = {
				CODE_SIGN_STYLE = Automatic;
				CURRENT_PROJECT_VERSION = 1;
				GENERATE_INFOPLIST_FILE = YES;
				MARKETING_VERSION = 1.0;
				PRODUCT_BUNDLE_IDENTIFIER = com.nivedha.MomentoUITests;
				PRODUCT_NAME = "$(TARGET_NAME)";
				SWIFT_EMIT_LOC_STRINGS = NO;
				SWIFT_VERSION = 5.0;
				TARGETED_DEVICE_FAMILY = "1,2";
				TEST_TARGET_NAME = Momento;
			};
			name = Debug;
		};
		5A7F052B2CDE7F1500F5467C /* Release */ = {
			isa = XCBuildConfiguration;
			buildSettings = {
				CODE_SIGN_STYLE = Automatic;
				CURRENT_PROJECT_VERSION = 1;
				GENERATE_INFOPLIST_FILE = YES;
				MARKETING_VERSION = 1.0;
				PRODUCT_BUNDLE_IDENTIFIER = com.nivedha.MomentoUITests;
				PRODUCT_NAME = "$(TARGET_NAME)";
				SWIFT_EMIT_LOC_STRINGS = NO;
				SWIFT_VERSION = 5.0;
				TARGETED_DEVICE_FAMILY = "1,2";
				TEST_TARGET_NAME = Momento;
			};
			name = Release;
		};
/* End XCBuildConfiguration section */

/* Begin XCConfigurationList section */
		5A7F04FA2CDE7F1300F5467C /* Build configuration list for PBXProject "Momento" */ = {
			isa = XCConfigurationList;
			buildConfigurations = (
				5A7F05212CDE7F1500F5467C /* Debug */,
				5A7F05222CDE7F1500F5467C /* Release */,
			);
			defaultConfigurationIsVisible = 0;
			defaultConfigurationName = Release;
		};
		5A7F05232CDE7F1500F5467C /* Build configuration list for PBXNativeTarget "Momento" */ = {
			isa = XCConfigurationList;
			buildConfigurations = (
				5A7F05242CDE7F1500F5467C /* Debug */,
				5A7F05252CDE7F1500F5467C /* Release */,
			);
			defaultConfigurationIsVisible = 0;
			defaultConfigurationName = Release;
		};
		5A7F05262CDE7F1500F5467C /* Build configuration list for PBXNativeTarget "MomentoTests" */ = {
			isa = XCConfigurationList;
			buildConfigurations = (
				5A7F05272CDE7F1500F5467C /* Debug */,
				5A7F05282CDE7F1500F5467C /* Release */,
			);
			defaultConfigurationIsVisible = 0;
			defaultConfigurationName = Release;
		};
		5A7F05292CDE7F1500F5467C /* Build configuration list for PBXNativeTarget "MomentoUITests" */ = {
			isa = XCConfigurationList;
			buildConfigurations = (
				5A7F052A2CDE7F1500F5467C /* Debug */,
				5A7F052B2CDE7F1500F5467C /* Release */,
			);
			defaultConfigurationIsVisible = 0;
			defaultConfigurationName = Release;
		};
/* End XCConfigurationList section */
	};
	rootObject = 5A7F04F72CDE7F1300F5467C /* Project object */;
}
